
Microsoft Visual Studio Solution File, Format Version 12.00
# Visual Studio Version 16
VisualStudioVersion = 16.0.31313.79
MinimumVisualStudioVersion = 10.0.40219.1
Project("{8BC9CEB8-8B4A-11D0-8D11-00A0C91BC942}") = "Hero's inventory 2.0", "Hero's inventory 2.0.vcxproj", "{AC95E0B7-1329-4E26-B1A8-045C8D2F32DF}"
EndProject
Global
	GlobalSection(SolutionConfigurationPlatforms) = preSolution
		Debug|x64 = Debug|x64
		Debug|x86 = Debug|x86
		Release|x64 = Release|x64
		Release|x86 = Release|x86
	EndGlobalSection
	GlobalSection(ProjectConfigurationPlatforms) = postSolution
		{AC95E0B7-1329-4E26-B1A8-045C8D2F32DF}.Debug|x64.ActiveCfg = Debug|x64
		{AC95E0B7-1329-4E26-B1A8-045C8D2F32DF}.Debug|x64.Build.0 = Debug|x64
		{AC95E0B7-1329-4E26-B1A8-045C8D2F32DF}.Debug|x86.ActiveCfg = Debug|Win32
		{AC95E0B7-1329-4E26-B1A8-045C8D2F32DF}.Debug|x86.Build.0 = Debug|Win32
		{AC95E0B7-1329-4E26-B1A8-045C8D2F32DF}.Release|x64.ActiveCfg = Release|x64
		{AC95E0B7-1329-4E26-B1A8-045C8D2F32DF}.Release|x64.Build.0 = Release|x64
		{AC95E0B7-1329-4E26-B1A8-045C8D2F32DF}.Release|x86.ActiveCfg = Release|Win32
		{AC95E0B7-1329-4E26-B1A8-045C8D2F32DF}.Release|x86.Build.0 = Release|Win32
	EndGlobalSection
	GlobalSection(SolutionProperties) = preSolution
		HideSolutionNode = FALSE
	EndGlobalSection
	GlobalSection(ExtensibilityGlobals) = postSolution
		SolutionGuid = {09024622-DA71-4FBF-8ABA-869214BCA3BE}
	EndGlobalSection
EndGlobal
